# This file is autogenerated, do not edit; changes may be undone by the next 'dep ensure'.


[[projects]]
  name = "github.com/davecgh/go-spew"
  packages = ["spew"]
  revision = "6d212800a42e8ab5c146b8ace3490ee17e5225f9"

[[projects]]
  name = "github.com/go-sql-driver/mysql"
  packages = ["."]
  revision = "26471af196a17ee75a22e6481b5a5897fb16b081"

[[projects]]
  name = "github.com/jinzhu/gorm"
  packages = [
    ".",
    "dialects/mysql"
  ]
  revision = "5174cc5c242a728b435ea2be8a2f7f998e15429b"
  version = "v1.0"

[[projects]]
  branch = "master"
  name = "github.com/jinzhu/inflection"
  packages = ["."]
  revision = "1c35d901db3da928c72a72d8458480cc9ade058f"

[[projects]]
  name = "github.com/pmezard/go-difflib"
  packages = ["difflib"]
  revision = "d8ed2627bdf02c080bf22230dbb337003b7aba2d"

[[projects]]
  name = "github.com/stretchr/testify"
  packages = ["assert"]
  revision = "69483b4bd14f5845b5a1e55bca19e954e827f1d0"
  version = "v1.1.4"

[[projects]]
  name = "golang.org/x/tools"
  packages = [
    "go/ast/astutil",
    "go/buildutil",
    "go/loader",
    "imports"
  ]
  revision = "3b1faeda9afbcba128c2d794b38ffe7982141139"

[[projects]]
  name = "gopkg.in/DATA-DOG/go-sqlmock.v1"
  packages = ["."]
  revision = "b983233bc0bbea4dc6e8ec8c8c923d935765ffec"
  version = "v1.2.0"

[solve-meta]
  analyzer-name = "dep"
  analyzer-version = 1
  inputs-digest = "6d3a96107fd4ff3e7be55ced1a42b1abeee4ee357885e23e8b1bddab66db1da7"
  solver-name = "gps-cdcl"
  solver-version = 1
